
Microsoft Visual Studio Solution File, Format Version 12.00
# Visual Studio Version 16
VisualStudioVersion = 16.0.31019.35
MinimumVisualStudioVersion = 10.0.40219.1
Project("{FAE04EC0-301F-11D3-BF4B-00C04F79EFBC}") = "TinCan", "TinCan\TinCan.csproj", "{27D0FCA1-E869-440C-9D16-F62D7A068C53}"
EndProject
Project("{FAE04EC0-301F-11D3-BF4B-00C04F79EFBC}") = "TinCanTests", "TinCanTests\TinCanTests.csproj", "{8FD5B901-FCEF-4B40-901C-90D8B744D9F7}"
EndProject
Project("{FAE04EC0-301F-11D3-BF4B-00C04F79EFBC}") = "TinCan.Core", "TinCan.Core\TinCan.Core.csproj", "{E7C55DD1-DC0B-4F2A-A495-1E1F433E12F9}"
EndProject
Project("{FAE04EC0-301F-11D3-BF4B-00C04F79EFBC}") = "TinCan.Standard", "TinCan.Standard\TinCan.Standard.csproj", "{B7EBC5FE-58CD-428F-842E-E2D7B2CA7E04}"
EndProject
Global
	GlobalSection(SolutionConfigurationPlatforms) = preSolution
		Debug|Any CPU = Debug|Any CPU
		Documentation|Any CPU = Documentation|Any CPU
		Release|Any CPU = Release|Any CPU
		Release-net35|Any CPU = Release-net35|Any CPU
		Release-net40|Any CPU = Release-net40|Any CPU
		Release-net45|Any CPU = Release-net45|Any CPU
		Release-net45-signed|Any CPU = Release-net45-signed|Any CPU
	EndGlobalSection
	GlobalSection(ProjectConfigurationPlatforms) = postSolution
		{27D0FCA1-E869-440C-9D16-F62D7A068C53}.Debug|Any CPU.ActiveCfg = Debug|Any CPU
		{27D0FCA1-E869-440C-9D16-F62D7A068C53}.Debug|Any CPU.Build.0 = Debug|Any CPU
		{27D0FCA1-E869-440C-9D16-F62D7A068C53}.Documentation|Any CPU.ActiveCfg = Documentation|Any CPU
		{27D0FCA1-E869-440C-9D16-F62D7A068C53}.Documentation|Any CPU.Build.0 = Documentation|Any CPU
		{27D0FCA1-E869-440C-9D16-F62D7A068C53}.Release|Any CPU.ActiveCfg = Release-net45-signed|Any CPU
		{27D0FCA1-E869-440C-9D16-F62D7A068C53}.Release|Any CPU.Build.0 = Release-net45-signed|Any CPU
		{27D0FCA1-E869-440C-9D16-F62D7A068C53}.Release-net35|Any CPU.ActiveCfg = Release-net35|Any CPU
		{27D0FCA1-E869-440C-9D16-F62D7A068C53}.Release-net35|Any CPU.Build.0 = Release-net35|Any CPU
		{27D0FCA1-E869-440C-9D16-F62D7A068C53}.Release-net40|Any CPU.ActiveCfg = Release-net40|Any CPU
		{27D0FCA1-E869-440C-9D16-F62D7A068C53}.Release-net40|Any CPU.Build.0 = Release-net40|Any CPU
		{27D0FCA1-E869-440C-9D16-F62D7A068C53}.Release-net45|Any CPU.ActiveCfg = Release-net45|Any CPU
		{27D0FCA1-E869-440C-9D16-F62D7A068C53}.Release-net45|Any CPU.Build.0 = Release-net45|Any CPU
		{27D0FCA1-E869-440C-9D16-F62D7A068C53}.Release-net45-signed|Any CPU.ActiveCfg = Release-net45-signed|Any CPU
		{27D0FCA1-E869-440C-9D16-F62D7A068C53}.Release-net45-signed|Any CPU.Build.0 = Release-net45-signed|Any CPU
		{8FD5B901-FCEF-4B40-901C-90D8B744D9F7}.Debug|Any CPU.ActiveCfg = Debug|Any CPU
		{8FD5B901-FCEF-4B40-901C-90D8B744D9F7}.Debug|Any CPU.Build.0 = Debug|Any CPU
		{8FD5B901-FCEF-4B40-901C-90D8B744D9F7}.Documentation|Any CPU.ActiveCfg = Debug|Any CPU
		{8FD5B901-FCEF-4B40-901C-90D8B744D9F7}.Documentation|Any CPU.Build.0 = Debug|Any CPU
		{8FD5B901-FCEF-4B40-901C-90D8B744D9F7}.Release|Any CPU.ActiveCfg = Release|Any CPU
		{8FD5B901-FCEF-4B40-901C-90D8B744D9F7}.Release|Any CPU.Build.0 = Release|Any CPU
		{8FD5B901-FCEF-4B40-901C-90D8B744D9F7}.Release-net35|Any CPU.ActiveCfg = Release|Any CPU
		{8FD5B901-FCEF-4B40-901C-90D8B744D9F7}.Release-net35|Any CPU.Build.0 = Release|Any CPU
		{8FD5B901-FCEF-4B40-901C-90D8B744D9F7}.Release-net40|Any CPU.ActiveCfg = Release|Any CPU
		{8FD5B901-FCEF-4B40-901C-90D8B744D9F7}.Release-net40|Any CPU.Build.0 = Release|Any CPU
		{8FD5B901-FCEF-4B40-901C-90D8B744D9F7}.Release-net45|Any CPU.ActiveCfg = Release|Any CPU
		{8FD5B901-FCEF-4B40-901C-90D8B744D9F7}.Release-net45|Any CPU.Build.0 = Release|Any CPU
		{8FD5B901-FCEF-4B40-901C-90D8B744D9F7}.Release-net45-signed|Any CPU.ActiveCfg = Release|Any CPU
		{8FD5B901-FCEF-4B40-901C-90D8B744D9F7}.Release-net45-signed|Any CPU.Build.0 = Release|Any CPU
		{E7C55DD1-DC0B-4F2A-A495-1E1F433E12F9}.Debug|Any CPU.ActiveCfg = Debug|Any CPU
		{E7C55DD1-DC0B-4F2A-A495-1E1F433E12F9}.Debug|Any CPU.Build.0 = Debug|Any CPU
		{E7C55DD1-DC0B-4F2A-A495-1E1F433E12F9}.Documentation|Any CPU.ActiveCfg = Debug|Any CPU
		{E7C55DD1-DC0B-4F2A-A495-1E1F433E12F9}.Documentation|Any CPU.Build.0 = Debug|Any CPU
		{E7C55DD1-DC0B-4F2A-A495-1E1F433E12F9}.Release|Any CPU.ActiveCfg = Release|Any CPU
		{E7C55DD1-DC0B-4F2A-A495-1E1F433E12F9}.Release|Any CPU.Build.0 = Release|Any CPU
		{E7C55DD1-DC0B-4F2A-A495-1E1F433E12F9}.Release-net35|Any CPU.ActiveCfg = Release|Any CPU
		{E7C55DD1-DC0B-4F2A-A495-1E1F433E12F9}.Release-net35|Any CPU.Build.0 = Release|Any CPU
		{E7C55DD1-DC0B-4F2A-A495-1E1F433E12F9}.Release-net40|Any CPU.ActiveCfg = Release|Any CPU
		{E7C55DD1-DC0B-4F2A-A495-1E1F433E12F9}.Release-net40|Any CPU.Build.0 = Release|Any CPU
		{E7C55DD1-DC0B-4F2A-A495-1E1F433E12F9}.Release-net45|Any CPU.ActiveCfg = Release|Any CPU
		{E7C55DD1-DC0B-4F2A-A495-1E1F433E12F9}.Release-net45|Any CPU.Build.0 = Release|Any CPU
		{E7C55DD1-DC0B-4F2A-A495-1E1F433E12F9}.Release-net45-signed|Any CPU.ActiveCfg = Release|Any CPU
		{E7C55DD1-DC0B-4F2A-A495-1E1F433E12F9}.Release-net45-signed|Any CPU.Build.0 = Release|Any CPU
		{B7EBC5FE-58CD-428F-842E-E2D7B2CA7E04}.Debug|Any CPU.ActiveCfg = Debug|Any CPU
		{B7EBC5FE-58CD-428F-842E-E2D7B2CA7E04}.Debug|Any CPU.Build.0 = Debug|Any CPU
		{B7EBC5FE-58CD-428F-842E-E2D7B2CA7E04}.Documentation|Any CPU.ActiveCfg = Debug|Any CPU
		{B7EBC5FE-58CD-428F-842E-E2D7B2CA7E04}.Documentation|Any CPU.Build.0 = Debug|Any CPU
		{B7EBC5FE-58CD-428F-842E-E2D7B2CA7E04}.Release|Any CPU.ActiveCfg = Release|Any CPU
		{B7EBC5FE-58CD-428F-842E-E2D7B2CA7E04}.Release|Any CPU.Build.0 = Release|Any CPU
		{B7EBC5FE-58CD-428F-842E-E2D7B2CA7E04}.Release-net35|Any CPU.ActiveCfg = Release|Any CPU
		{B7EBC5FE-58CD-428F-842E-E2D7B2CA7E04}.Release-net35|Any CPU.Build.0 = Release|Any CPU
		{B7EBC5FE-58CD-428F-842E-E2D7B2CA7E04}.Release-net40|Any CPU.ActiveCfg = Release|Any CPU
		{B7EBC5FE-58CD-428F-842E-E2D7B2CA7E04}.Release-net40|Any CPU.Build.0 = Release|Any CPU
		{B7EBC5FE-58CD-428F-842E-E2D7B2CA7E04}.Release-net45|Any CPU.ActiveCfg = Release|Any CPU
		{B7EBC5FE-58CD-428F-842E-E2D7B2CA7E04}.Release-net45|Any CPU.Build.0 = Release|Any CPU
		{B7EBC5FE-58CD-428F-842E-E2D7B2CA7E04}.Release-net45-signed|Any CPU.ActiveCfg = Release|Any CPU
		{B7EBC5FE-58CD-428F-842E-E2D7B2CA7E04}.Release-net45-signed|Any CPU.Build.0 = Release|Any CPU
	EndGlobalSection
	GlobalSection(SolutionProperties) = preSolution
		HideSolutionNode = FALSE
	EndGlobalSection
	GlobalSection(ExtensibilityGlobals) = postSolution
		SolutionGuid = {B9996DD1-A2F7-466F-BF74-BDB619DF270B}
	EndGlobalSection
EndGlobal
